
Microsoft Visual Studio Solution File, Format Version 10.00
# Visual C# Express 2008
Project("{FAE04EC0-301F-11D3-BF4B-00C04F79EFBC}") = "StartStopProcess", "StartStopProcess\StartStopProcess.csproj", "{FE469C94-9E20-42A3-B403-BB8B19CD733B}"
EndProject
Global
	GlobalSection(SolutionConfigurationPlatforms) = preSolution
		Debug|Any CPU = Debug|Any CPU
		Release|Any CPU = Release|Any CPU
	EndGlobalSection
	GlobalSection(ProjectConfigurationPlatforms) = postSolution
		{FE469C94-9E20-42A3-B403-BB8B19CD733B}.Debug|Any CPU.ActiveCfg = Debug|Any CPU
		{FE469C94-9E20-42A3-B403-BB8B19CD733B}.Debug|Any CPU.Build.0 = Debug|Any CPU
		{FE469C94-9E20-42A3-B403-BB8B19CD733B}.Release|Any CPU.ActiveCfg = Release|Any CPU
		{FE469C94-9E20-42A3-B403-BB8B19CD733B}.Release|Any CPU.Build.0 = Release|Any CPU
	EndGlobalSection
	GlobalSection(SolutionProperties) = preSolution
		HideSolutionNode = FALSE
	EndGlobalSection
EndGlobal
